github.com/andybalholm/brotli v1.0.5 h1:EJf0/0joI0N4IvG434T9Mh4y1fBvB1v1S0L5/zYx1yY=
github.com/gofiber/fiber/v2 v2.52.0 h1:9S+U039qX5Jv/m5aD8G72/S4f4uX4bTzJ8/c/8XJmK8=
github.com/google/uuid v1.5.0 h1:3213c411516087d1553a166258f44d8525b74681=
github.com/jackc/pgpassfile v1.0.0 h1:w+8gyaS0p4vW9y55jS5s60/c8Z7G1C229jKkX2Z1b2E=
github.com/jackc/pgservicefile v0.0.0-20221227161230-091c0ba34f0a h1:7yVqP5Jk1b5B9Hk4z4/WzYhH5n/t5q3qX2/bY3r3b4Q=
github.com/jackc/pgx/v5 v5.5.0 h1:41u8qjS2J7c58o8Z3c1qN1nO5jE9bF3+zZ5b0c9t+5E=
github.com/jackc/puddle/v2 v2.2.1 h1:14pS+gM0vU7528h2D9398M46g09nK5aYQvV1yWz+jV0=
github.com/joho/godotenv v1.5.1 h1:7eLLLb1s62R08B0nQh1w9eE1g5T9a4qP3YlqjB4r5Y4=
github.com/klauspost/compress v1.17.0 h1:iXqjYg52Fz5i3n+j9KxM8G75k6pQZ1B5b7D5r2u5z8g=
github.com/mattn/go-colorable v0.1.13 h1:fFA4WZxdX4tPM5b05rSifO55a5Y6H25fHqW4oQZ1B5b=
github.com/mattn/go-isatty v0.0.20 h1:23L1r7/tT+V2eWq52Zq94+M32D12N3sJ+B4+H29S78g=
github.com/mattn/go-runewidth v0.0.15 h1:6g9/dGZ9d55V2u042P96sC6n11d2i0H9+c9+v/WpL4g=
github.com/valyala/bytebufferpool v1.0.0 h1:G34uckon1PFr+J97/5f5Vv/bY201X8092uG6pC7K5/0=
github.com/valyala/fasthttp v1.51.0 h1:lR72ZzV7S1Vb5x1s16iNqG1KkL9p6c/L6wD18l98e40=
github.com/valyala/tcplisten v1.0.0 h1:rZ21Nl6L7T6oE1YfIuT1n4wT08y+1d4wO2k7P2p5J2s=
golang.org/x/crypto v0.9.0 h1:TP0hP8n3Vq8Y39P529+0eR6Qn0Jc6M+rN4rP6N7zKzY=
golang.org/x/sync v0.1.0 h1:wJWTMZTGRQY9rU0k4u0bX31z9Z9H6kXyT+97Xv1Xv/M=
golang.org/x/text v0.9.0 h1:h4M7uXh7k17KkXoP6W3wU+n/nU8wS4tY5yL36qP8h5Q=
